
Microsoft Visual Studio Solution File, Format Version 12.00
# Visual Studio Version 17
VisualStudioVersion = 17.13.35931.197 d17.13
MinimumVisualStudioVersion = 10.0.40219.1
Project("{FAE04EC0-301F-11D3-BF4B-00C04F79EFBC}") = "GUI_arduino", "GUI_arduino\GUI_arduino.csproj", "{AC207FBD-2123-44B9-BB24-00E33B0D0564}"
EndProject
Global
	GlobalSection(SolutionConfigurationPlatforms) = preSolution
		Debug|Any CPU = Debug|Any CPU
		Release|Any CPU = Release|Any CPU
	EndGlobalSection
	GlobalSection(ProjectConfigurationPlatforms) = postSolution
		{AC207FBD-2123-44B9-BB24-00E33B0D0564}.Debug|Any CPU.ActiveCfg = Debug|Any CPU
		{AC207FBD-2123-44B9-BB24-00E33B0D0564}.Debug|Any CPU.Build.0 = Debug|Any CPU
		{AC207FBD-2123-44B9-BB24-00E33B0D0564}.Release|Any CPU.ActiveCfg = Release|Any CPU
		{AC207FBD-2123-44B9-BB24-00E33B0D0564}.Release|Any CPU.Build.0 = Release|Any CPU
	EndGlobalSection
	GlobalSection(SolutionProperties) = preSolution
		HideSolutionNode = FALSE
	EndGlobalSection
	GlobalSection(ExtensibilityGlobals) = postSolution
		SolutionGuid = {896DFABA-9922-4F54-A1BD-B4AC3D7CAE60}
	EndGlobalSection
EndGlobal
